# THIS IS AN AUTOGENERATED FILE. DO NOT EDIT THIS FILE DIRECTLY.
# yarn lockfile v1


ansi-styles@^3.0.0:
  version "3.2.1"
  resolved "https://registry.yarnpkg.com/ansi-styles/-/ansi-styles-3.2.1.tgz#41fbb20243e50b12be0f04b8dedbf07520ce841d"
  dependencies:
    color-convert "^1.9.0"

ansy@^1.0.0:
  version "1.0.13"
  resolved "https://registry.yarnpkg.com/ansy/-/ansy-1.0.13.tgz#972cbd54c525112f36814fdefe26269ef993810f"
  dependencies:
    ansi-styles "^3.0.0"
    custom-return "^1.0.0"
    supports-color "^3.1.2"
    ul "^5.2.1"

array-parallel@~0.1.3:
  version "0.1.3"
  resolved "https://registry.yarnpkg.com/array-parallel/-/array-parallel-0.1.3.tgz#8f785308926ed5aa478c47e64d1b334b6c0c947d"

array-series@~0.1.5:
  version "0.1.5"
  resolved "https://registry.yarnpkg.com/array-series/-/array-series-0.1.5.tgz#df5d37bfc5c2ef0755e2aa4f92feae7d4b5a972f"

asciify-pixel-matrix@^1.0.0:
  version "1.0.12"
  resolved "https://registry.yarnpkg.com/asciify-pixel-matrix/-/asciify-pixel-matrix-1.0.12.tgz#8a7d36cf37757861af0c8c218044f7ecab6ad278"
  dependencies:
    asciify-pixel "^1.0.0"
    ul "^5.2.1"

asciify-pixel@^1.0.0:
  version "1.2.12"
  resolved "https://registry.yarnpkg.com/asciify-pixel/-/asciify-pixel-1.2.12.tgz#08adbc5bd09a48da4bada726ccb6d46ade9ae8c9"
  dependencies:
    couleurs "^6.0.0"
    deffy "^2.2.1"
    pixel-bg "^1.0.0"
    pixel-class "^1.0.0"
    pixel-white-bg "^1.0.0"
    ul "^5.2.1"

assured@^1.0.6:
  version "1.0.12"
  resolved "https://registry.yarnpkg.com/assured/-/assured-1.0.12.tgz#05f1d2ceef1f3498d123a6a1c7c69c91c47f4a87"
  dependencies:
    noop6 "^1.0.1"
    sliced "^1.0.1"

cb-buffer@^2.0.0:
  version "2.1.7"
  resolved "https://registry.yarnpkg.com/cb-buffer/-/cb-buffer-2.1.7.tgz#fd9ff145835b0b855b76b0512ddd150ff168db45"

color-convert@^1.0.0, color-convert@^1.9.0:
  version "1.9.1"
  resolved "https://registry.yarnpkg.com/color-convert/-/color-convert-1.9.1.tgz#c1261107aeb2f294ebffec9ed9ecad529a6097ed"
  dependencies:
    color-name "^1.1.1"

color-name@^1.1.1:
  version "1.1.3"
  resolved "https://registry.yarnpkg.com/color-name/-/color-name-1.1.3.tgz#a7d0558bd89c42f795dd42328f740831ca53bc25"

compute-size@^1.0.1:
  version "1.0.11"
  resolved "https://registry.yarnpkg.com/compute-size/-/compute-size-1.0.11.tgz#7c3a801b973792a738072e1961d4e9a0f08beb37"
  dependencies:
    fixed-or-percent "^1.0.0"
    map-o "^2.0.1"
    ul "^5.2.1"

couleurs@^6.0.0:
  version "6.0.9"
  resolved "https://registry.yarnpkg.com/couleurs/-/couleurs-6.0.9.tgz#b2b2a3ee37dae51875c9efd243ec7e7894afbc9e"
  dependencies:
    ansy "^1.0.0"
    color-convert "^1.0.0"
    iterate-object "^1.3.1"
    typpy "^2.3.1"

cross-spawn@^4.0.0:
  version "4.0.2"
  resolved "https://registry.yarnpkg.com/cross-spawn/-/cross-spawn-4.0.2.tgz#7b9247621c23adfdd3856004a823cbe397424d41"
  dependencies:
    lru-cache "^4.0.1"
    which "^1.2.9"

custom-return@^1.0.0:
  version "1.0.10"
  resolved "https://registry.yarnpkg.com/custom-return/-/custom-return-1.0.10.tgz#ba875b2a97c9fba1fc12729ce1c21eeaa5de6a0c"
  dependencies:
    noop6 "^1.0.0"

debug@^2.2.0:
  version "2.6.9"
  resolved "https://registry.yarnpkg.com/debug/-/debug-2.6.9.tgz#5d128515df134ff327e90a4c93f4e077a536341f"
  dependencies:
    ms "2.0.0"

debug@^3.1.0:
  version "3.1.0"
  resolved "https://registry.yarnpkg.com/debug/-/debug-3.1.0.tgz#5bb5a0672628b64149566ba16819e61518c67261"
  dependencies:
    ms "2.0.0"

deffy@2.0.0:
  version "2.0.0"
  resolved "https://registry.yarnpkg.com/deffy/-/deffy-2.0.0.tgz#f82e08eea518c4a0a30b1f03ec504d248af28932"
  dependencies:
    typpy "^2.0.0"

deffy@^2.2.1, deffy@^2.2.2:
  version "2.2.2"
  resolved "https://registry.yarnpkg.com/deffy/-/deffy-2.2.2.tgz#088f40913cb47078653fa6f697c206e03471d523"
  dependencies:
    typpy "^2.0.0"

err@^1.1.1:
  version "1.1.1"
  resolved "https://registry.yarnpkg.com/err/-/err-1.1.1.tgz#eb928e2e11a316648f782833d0f97258ba43c2f8"
  dependencies:
    typpy "^2.2.0"

find-exec@1.0.0:
  version "1.0.0"
  resolved "https://registry.yarnpkg.com/find-exec/-/find-exec-1.0.0.tgz#65249cd524de08050531d9d0b84ad2ee1ab727c9"
  dependencies:
    sync-exec "^0.6.2"

fixed-or-percent@^1.0.0:
  version "1.0.10"
  resolved "https://registry.yarnpkg.com/fixed-or-percent/-/fixed-or-percent-1.0.10.tgz#5bfe29db2beec592577f851707c72e24657f13fe"
  dependencies:
    is-percent "^1.0.1"
    percent-value "^1.0.0"

follow-redirects@^0.2.0:
  version "0.2.0"
  resolved "https://registry.yarnpkg.com/follow-redirects/-/follow-redirects-0.2.0.tgz#e0229d7a388bb5ff7b29f44fc1e1b62e921272df"
  dependencies:
    debug "^2.2.0"
    stream-consume "^0.1.0"

function.name@^1.0.3:
  version "1.0.10"
  resolved "https://registry.yarnpkg.com/function.name/-/function.name-1.0.10.tgz#ed00c828d98ff9a80186926fd439bdd7c16d4f0d"
  dependencies:
    noop6 "^1.0.1"

gm-installed@^1.0.0:
  version "1.0.8"
  resolved "https://registry.yarnpkg.com/gm-installed/-/gm-installed-1.0.8.tgz#c96193bacf47fba73d0bdc22f4b7e7cd4db1e99f"
  dependencies:
    prgm-installed "^1.0.1"

gm-tools@^1.0.0:
  version "1.0.10"
  resolved "https://registry.yarnpkg.com/gm-tools/-/gm-tools-1.0.10.tgz#56d2124e5c5912201a96956920a0cd1489d66330"
  dependencies:
    gm "^1.23.1"
    iterate-object "^1.3.1"
    pixel-class "^1.0.0"
    pngjs "^2.2.0"
    same-time "^2.3.1"

gm@^1.23.1:
  version "1.23.1"
  resolved "https://registry.yarnpkg.com/gm/-/gm-1.23.1.tgz#2edeeb958084d0f8ea7988e5d995b1c7dfc14777"
  dependencies:
    array-parallel "~0.1.3"
    array-series "~0.1.5"
    cross-spawn "^4.0.0"
    debug "^3.1.0"

has-flag@^1.0.0:
  version "1.0.0"
  resolved "https://registry.yarnpkg.com/has-flag/-/has-flag-1.0.0.tgz#9d9e793165ce017a00f00418c43f942a7b1d11fa"

image-parser@^1.0.0:
  version "1.2.6"
  resolved "https://registry.yarnpkg.com/image-parser/-/image-parser-1.2.6.tgz#44fbb591f9988fca3e459c092a3ef87e03a78afb"
  dependencies:
    cb-buffer "^2.0.0"
    err "^1.1.1"
    gm-tools "^1.0.0"
    lwipify "^2.0.0"
    noop6 "^1.0.4"
    pixel-class "^1.0.0"

image-to-ascii@3.0.11:
  version "3.0.11"
  resolved "https://registry.yarnpkg.com/image-to-ascii/-/image-to-ascii-3.0.11.tgz#be39c96538d5d876e5c752104c95e374585b6adb"
  dependencies:
    asciify-pixel-matrix "^1.0.0"
    compute-size "^1.0.1"
    image-parser "^1.0.0"
    imgpx "^1.0.2"
    one-by-one "^3.1.0"
    terminal-char-width "^1.0.0"
    ul "^5.2.1"

imgpx@^1.0.2:
  version "1.0.11"
  resolved "https://registry.yarnpkg.com/imgpx/-/imgpx-1.0.11.tgz#727ff19e75dce4d04e85192234467d480017d300"
  dependencies:
    lwip-pixels "^1.0.0"
    lwipify "^2.0.0"

is-percent@^1.0.1:
  version "1.0.10"
  resolved "https://registry.yarnpkg.com/is-percent/-/is-percent-1.0.10.tgz#967ff3e6391168cee0d665b48599498e98bc86a7"
  dependencies:
    last-char "^1.3.1"

is-ssh@^1.3.0:
  version "1.3.0"
  resolved "https://registry.yarnpkg.com/is-ssh/-/is-ssh-1.3.0.tgz#ebea1169a2614da392a63740366c3ce049d8dff6"
  dependencies:
    protocols "^1.1.0"

is-windows@^0.1.1:
  version "0.1.1"
  resolved "https://registry.yarnpkg.com/is-windows/-/is-windows-0.1.1.tgz#be310715431cfabccc54ab3951210fa0b6d01abe"

isexe@^2.0.0:
  version "2.0.0"
  resolved "https://registry.yarnpkg.com/isexe/-/isexe-2.0.0.tgz#e8fbf374dc556ff8947a10dcb0572d633f2cfa10"

iterate-object@^1.3.0, iterate-object@^1.3.1:
  version "1.3.2"
  resolved "https://registry.yarnpkg.com/iterate-object/-/iterate-object-1.3.2.tgz#24ec15affa5d0039e8839695a21c2cae1f45b66b"

last-char@^1.3.1:
  version "1.3.9"
  resolved "https://registry.yarnpkg.com/last-char/-/last-char-1.3.9.tgz#f69f6a7829c9b06535ee959358dfbd27a9501d0c"

lru-cache@^4.0.1:
  version "4.1.2"
  resolved "https://registry.yarnpkg.com/lru-cache/-/lru-cache-4.1.2.tgz#45234b2e6e2f2b33da125624c4664929a0224c3f"
  dependencies:
    pseudomap "^1.0.2"
    yallist "^2.1.2"

lwip-pixels@^1.0.0:
  version "1.1.8"
  resolved "https://registry.yarnpkg.com/lwip-pixels/-/lwip-pixels-1.1.8.tgz#f4ddc62be7d9ff4b38dc7cbca6d3bc763234cbcf"
  dependencies:
    pixel-class "^1.0.0"

lwip2@^1.0.0:
  version "1.0.13"
  resolved "https://registry.yarnpkg.com/lwip2/-/lwip2-1.0.13.tgz#3e6291d4a4c52dbeb26e73c651c7b60e2e8376e0"
  dependencies:
    err "^1.1.1"
    gm-installed "^1.0.0"

lwipify@^2.0.0:
  version "2.0.10"
  resolved "https://registry.yarnpkg.com/lwipify/-/lwipify-2.0.10.tgz#fd524860a11af5b0f0b09d1cebf202b55ffb03b9"
  dependencies:
    lwip2 "^1.0.0"
    noop6 "^1.0.1"
    tinyreq "^3.1.4"
    url-remote "^1.1.0"

map-o@^2.0.1:
  version "2.0.8"
  resolved "https://registry.yarnpkg.com/map-o/-/map-o-2.0.8.tgz#9ae875a0477b92c0ae25b048284bc99c9757ae16"
  dependencies:
    iterate-object "^1.3.0"

ms@2.0.0:
  version "2.0.0"
  resolved "https://registry.yarnpkg.com/ms/-/ms-2.0.0.tgz#5608aeadfc00be6c2901df5f9861788de0d597c8"

noop6@^1.0.0, noop6@^1.0.1, noop6@^1.0.4, noop6@^1.0.6:
  version "1.0.7"
  resolved "https://registry.yarnpkg.com/noop6/-/noop6-1.0.7.tgz#96767bf2058ba59ca8cb91559347ddc80239fa8e"

obj-def@^1.0.0:
  version "1.0.6"
  resolved "https://registry.yarnpkg.com/obj-def/-/obj-def-1.0.6.tgz#7754e1728849c2f934d1fdd2be72fe627ecb5b14"
  dependencies:
    deffy "^2.2.2"

one-by-one@^3.1.0:
  version "3.2.6"
  resolved "https://registry.yarnpkg.com/one-by-one/-/one-by-one-3.2.6.tgz#33e3de96d870f9a94bdcb63fa27b51700be1112b"
  dependencies:
    obj-def "^1.0.0"
    sliced "^1.0.1"

parse-url@^1.3.0:
  version "1.3.11"
  resolved "https://registry.yarnpkg.com/parse-url/-/parse-url-1.3.11.tgz#57c15428ab8a892b1f43869645c711d0e144b554"
  dependencies:
    is-ssh "^1.3.0"
    protocols "^1.4.0"

percent-value@^1.0.0:
  version "1.0.7"
  resolved "https://registry.yarnpkg.com/percent-value/-/percent-value-1.0.7.tgz#329fc3040c3a3e7638b4810a034b0652b04a9b49"

pixel-bg@^1.0.0:
  version "1.0.8"
  resolved "https://registry.yarnpkg.com/pixel-bg/-/pixel-bg-1.0.8.tgz#24292649c50566558fbf030890f6919e14366c58"
  dependencies:
    pixel-class "^1.0.0"

pixel-class@^1.0.0:
  version "1.0.7"
  resolved "https://registry.yarnpkg.com/pixel-class/-/pixel-class-1.0.7.tgz#904a858f1d4a0cc032d461a1e47e7bc0ec7def23"
  dependencies:
    deffy "^2.2.1"

pixel-white-bg@^1.0.0:
  version "1.0.7"
  resolved "https://registry.yarnpkg.com/pixel-white-bg/-/pixel-white-bg-1.0.7.tgz#0cfbc5b385e4cd8e5da33662f896bc9958399587"
  dependencies:
    pixel-bg "^1.0.0"

play-sound@^1.1.2:
  version "1.1.2"
  resolved "https://registry.yarnpkg.com/play-sound/-/play-sound-1.1.2.tgz#aaca3047692af571c0d3a9dc475a5fa7c21322c5"
  dependencies:
    find-exec "1.0.0"

pngjs@^2.2.0:
  version "2.3.1"
  resolved "https://registry.yarnpkg.com/pngjs/-/pngjs-2.3.1.tgz#11d1e12b9cb64d63e30c143a330f4c1f567da85f"

prgm-installed@^1.0.1:
  version "1.0.9"
  resolved "https://registry.yarnpkg.com/prgm-installed/-/prgm-installed-1.0.9.tgz#ead891ce824a06b721f09651464866553fb53d69"
  dependencies:
    which "^1.2.4"

protocols@^1.1.0, protocols@^1.4.0:
  version "1.4.6"
  resolved "https://registry.yarnpkg.com/protocols/-/protocols-1.4.6.tgz#f8bb263ea1b5fd7a7604d26b8be39bd77678bf8a"

pseudomap@^1.0.2:
  version "1.0.2"
  resolved "https://registry.yarnpkg.com/pseudomap/-/pseudomap-1.0.2.tgz#f052a28da70e618917ef0a8ac34c1ae5a68286b3"

same-time@^2.3.1:
  version "2.3.3"
  resolved "https://registry.yarnpkg.com/same-time/-/same-time-2.3.3.tgz#8cb454c85c50e5e30132d8605d164305fca6c9af"
  dependencies:
    deffy "2.0.0"

sliced@^1.0.1:
  version "1.0.1"
  resolved "https://registry.yarnpkg.com/sliced/-/sliced-1.0.1.tgz#0b3a662b5d04c3177b1926bea82b03f837a2ef41"

stream-consume@^0.1.0:
  version "0.1.1"
  resolved "https://registry.yarnpkg.com/stream-consume/-/stream-consume-0.1.1.tgz#d3bdb598c2bd0ae82b8cac7ac50b1107a7996c48"

supports-color@^3.1.2:
  version "3.2.3"
  resolved "https://registry.yarnpkg.com/supports-color/-/supports-color-3.2.3.tgz#65ac0504b3954171d8a64946b2ae3cbb8a5f54f6"
  dependencies:
    has-flag "^1.0.0"

sync-exec@^0.6.2:
  version "0.6.2"
  resolved "https://registry.yarnpkg.com/sync-exec/-/sync-exec-0.6.2.tgz#717d22cc53f0ce1def5594362f3a89a2ebb91105"

terminal-char-width@^1.0.0:
  version "1.0.8"
  resolved "https://registry.yarnpkg.com/terminal-char-width/-/terminal-char-width-1.0.8.tgz#aab15b00e6e7d9b7699f768d9157026f32d0291a"
  dependencies:
    is-windows "^0.1.1"

tinyreq@^3.1.4:
  version "3.3.1"
  resolved "https://registry.yarnpkg.com/tinyreq/-/tinyreq-3.3.1.tgz#5130d25aeb00f173e741067404cccf1da71b796c"
  dependencies:
    assured "^1.0.6"
    follow-redirects "^0.2.0"
    noop6 "^1.0.6"
    ul "^5.0.0"

typpy@^2.0.0, typpy@^2.2.0, typpy@^2.3.1, typpy@^2.3.4:
  version "2.3.10"
  resolved "https://registry.yarnpkg.com/typpy/-/typpy-2.3.10.tgz#63a39e4171cbbb4cdefb590009228a3de9a22b2f"
  dependencies:
    function.name "^1.0.3"

ul@^5.0.0, ul@^5.2.1:
  version "5.2.13"
  resolved "https://registry.yarnpkg.com/ul/-/ul-5.2.13.tgz#9ff0504ea35ca1f74c0bf59e6480def009bad7b5"
  dependencies:
    deffy "^2.2.2"
    typpy "^2.3.4"

underscore@1.8.3:
  version "1.8.3"
  resolved "https://registry.yarnpkg.com/underscore/-/underscore-1.8.3.tgz#4f3fb53b106e6097fcf9cb4109f2a5e9bdfa5022"

url-local@^1.0.1:
  version "1.1.7"
  resolved "https://registry.yarnpkg.com/url-local/-/url-local-1.1.7.tgz#515ca549c292a7255f10e7e0d8b0f05fd93f98ea"
  dependencies:
    parse-url "^1.3.0"

url-remote@^1.1.0:
  version "1.1.7"
  resolved "https://registry.yarnpkg.com/url-remote/-/url-remote-1.1.7.tgz#5621473847f330cf6032c5c50fdee83b01ac09ca"
  dependencies:
    url-local "^1.0.1"

which@^1.2.4, which@^1.2.9:
  version "1.3.0"
  resolved "https://registry.yarnpkg.com/which/-/which-1.3.0.tgz#ff04bdfc010ee547d780bec38e1ac1c2777d253a"
  dependencies:
    isexe "^2.0.0"

yallist@^2.1.2:
  version "2.1.2"
  resolved "https://registry.yarnpkg.com/yallist/-/yallist-2.1.2.tgz#1c11f9218f076089a47dd512f93c6699a6a81d52"
